{
  "name": "editor",
  "version": "1.0.0",
  "lockfileVersion": 1,
  "requires": true,
  "dependencies": {
    "@bomdi/codebox": {
      "version": "1.0.12",
      "resolved": "https://registry.npmjs.org/@bomdi/codebox/-/codebox-1.0.12.tgz",
      "integrity": "sha512-G3d4cSYYNXSRiN1LaSJn4OEf3Th+RDjZfwlPclhh94WDsFHPSQrEEEodNIq6bss0gl/sTQV8DgJpLaSihMmDQg=="
    },
    "@editorjs/checklist": {
      "version": "1.3.0",
      "resolved": "https://registry.npmjs.org/@editorjs/checklist/-/checklist-1.3.0.tgz",
      "integrity": "sha512-087oW0oOIE5HX8llj4Eap/reFDFw8VCLlp6GU0E9GEp7f3zy2aV6KdFR+6dbYhZ50w7tSnkMpCAcSq1NXJeB4Q=="
    },
    "@editorjs/code": {
      "version": "2.7.0",
      "resolved": "https://registry.npmjs.org/@editorjs/code/-/code-2.7.0.tgz",
      "integrity": "sha512-gXtTce915fHp3H9i4IqhTxEDbbkT2heFfYiW/bhFHsCmZDpyGzfZxi94kmrEqDmbxXjV49ZZ6GZbR26If13KJw=="
    },
    "@editorjs/editorjs": {
      "version": "2.22.0",
      "resolved": "https://registry.npmjs.org/@editorjs/editorjs/-/editorjs-2.22.0.tgz",
      "integrity": "sha512-BwHuY8hUcN3A67AykWd8uRwUWMoQQKSjfnlFD0r6W5cD/niLznxFC5iF/uA8QEVHMvU0Rl9UluHdzpZZbAB2bQ==",
      "requires": {
        "codex-notifier": "^1.1.2",
        "codex-tooltip": "^1.0.2",
        "nanoid": "^3.1.22"
      }
    },
    "@editorjs/embed": {
      "version": "2.4.6",
      "resolved": "https://registry.npmjs.org/@editorjs/embed/-/embed-2.4.6.tgz",
      "integrity": "sha512-c/1TzBBMrU1hpPHRWXlVanBhgyoPZvE2A3qHt23rMVxJVvzu13Zozj0ZOO8pL1XGcubf+Yvalxu7AURn7X3jPw=="
    },
    "@editorjs/header": {
      "version": "2.6.1",
      "resolved": "https://registry.npmjs.org/@editorjs/header/-/header-2.6.1.tgz",
      "integrity": "sha512-EsnyVFv5uThpU9tbQ/dUPFCQoa/sBFy2n+9tN3wOXJGx7sjea4fdcacJ2UYhO+7pCgZ+aSgmMOyGLYHUFbchvA=="
    },
    "@editorjs/marker": {
      "version": "1.2.2",
      "resolved": "https://registry.npmjs.org/@editorjs/marker/-/marker-1.2.2.tgz",
      "integrity": "sha512-BN/IHbVKKahGnMAiBOV5U7XUjfF6JkIkTZ6qNLxtTr7PUPM8UsJV8G8pyll9CX+XRUYYZyokA2kEBHTS4vUyyw=="
    },
    "@editorjs/nested-list": {
      "version": "git+ssh://git@github.com/cse110-sp21-group34/nested-list.git#79768acbdaa3154d05249096083a5eddfaa46112",
      "from": "@editorjs/nested-list@https://github.com/cse110-sp21-group34/nested-list.git"
    },
    "@editorjs/paragraph": {
      "version": "2.8.0",
      "resolved": "https://registry.npmjs.org/@editorjs/paragraph/-/paragraph-2.8.0.tgz",
      "integrity": "sha512-z6w5ZR0ru3p/IjxJW/tb7OcSnVttkZukQMIsnBMX1FIKc1BNdr7NwM1YoCyTl4OnC90YfL0xgES6/20/W267pw=="
    },
    "@editorjs/quote": {
      "version": "2.4.0",
      "resolved": "https://registry.npmjs.org/@editorjs/quote/-/quote-2.4.0.tgz",
      "integrity": "sha512-IWOBWjL2ngPP63GcIAltyD9kc7OVZFma4kS+T5JRHvKKDspYsnmrxsbRmCPc+coZQzqPxXHkiOZuNMdmGX/Y3w=="
    },
    "@editorjs/warning": {
      "version": "1.2.0",
      "resolved": "https://registry.npmjs.org/@editorjs/warning/-/warning-1.2.0.tgz",
      "integrity": "sha512-CMIsB+b8Ti8/duOzYfKn1upFEEMxj821RDyBbDx8iku4DRql524VnAErvd00sYnFpKKbXNOF4oQnBo/7bDIzPQ=="
    },
    "axios": {
      "version": "0.21.1",
      "resolved": "https://registry.npmjs.org/axios/-/axios-0.21.1.tgz",
      "integrity": "sha512-dKQiRHxGD9PPRIUNIWvZhPTPpl1rf/OxTYKsqKUDjBwYylTvV7SjSHJb9ratfyzM6wCdLCOYLzs73qpg5c4iGA==",
      "requires": {
        "follow-redirects": "^1.10.0"
      }
    },
    "codex-notifier": {
      "version": "1.1.2",
      "resolved": "https://registry.npmjs.org/codex-notifier/-/codex-notifier-1.1.2.tgz",
      "integrity": "sha512-DCp6xe/LGueJ1N5sXEwcBc3r3PyVkEEDNWCVigfvywAkeXcZMk9K41a31tkEFBW0Ptlwji6/JlAb49E3Yrxbtg=="
    },
    "codex-tooltip": {
      "version": "1.0.2",
      "resolved": "https://registry.npmjs.org/codex-tooltip/-/codex-tooltip-1.0.2.tgz",
      "integrity": "sha512-oC+Bu5X/zyhbPydgMSLWKoM/+vkJMqaLWu3Dt/jZgXS3MWK23INwC5DMBrVXZSufAFk0i0SUni38k9rLMyZn/w=="
    },
    "cors": {
      "version": "2.8.5",
      "resolved": "https://registry.npmjs.org/cors/-/cors-2.8.5.tgz",
      "integrity": "sha512-KIHbLJqu73RGr/hnbrO9uBeixNGuvSQjul/jdFvS/KFSIH1hWVd1ng7zOHx+YrEfInLG7q4n6GHQ9cDtxv/P6g==",
      "requires": {
        "object-assign": "^4",
        "vary": "^1"
      }
    },
    "editorjs-alert": {
      "version": "1.0.3",
      "resolved": "https://registry.npmjs.org/editorjs-alert/-/editorjs-alert-1.0.3.tgz",
      "integrity": "sha512-YsKp0BBmswueE2zh0Lj2YflFA/9pvguHTSsy6uh00p3lattflW33ow4CSYD0JFe3y+TqqD8VoB/IlS7C9fKu0Q=="
    },
    "editorjs-button": {
      "version": "1.0.3",
      "resolved": "https://registry.npmjs.org/editorjs-button/-/editorjs-button-1.0.3.tgz",
      "integrity": "sha512-4G3cwUYGd4ff+VUazzR7Zz9fX+H1ryENNOJsmMy2B241QPe/xElJP0FR9/LbnEFGUpx3JvdreqVcwWrvXJX5tg=="
    },
    "editorjs-drag-drop": {
      "version": "0.1.3",
      "resolved": "https://registry.npmjs.org/editorjs-drag-drop/-/editorjs-drag-drop-0.1.3.tgz",
      "integrity": "sha512-63XhyWWkEaWVHgMDAqPsE63YC2thGah8fFjxgoKZ9Tm+6huiS+VTjP2Kpx1FzOR9/xdE/56XYfiC65PI7rUvkA=="
    },
    "editorjs-github-gist-plugin": {
      "version": "1.1.0",
      "resolved": "https://registry.npmjs.org/editorjs-github-gist-plugin/-/editorjs-github-gist-plugin-1.1.0.tgz",
      "integrity": "sha512-SnRQjA0NPMRkhlKydn1WmjvGpixO+FtyBw8BG9MbRiCvuLWT088LP5Mr1z3Q+1GSkWrGi6jB4E3etkKLHWeufw=="
    },
    "editorjs-inline-image": {
      "version": "0.1.2",
      "resolved": "https://registry.npmjs.org/editorjs-inline-image/-/editorjs-inline-image-0.1.2.tgz",
      "integrity": "sha512-qQWEjVcZku8N8/OWOSJVGE+KzLyap+uqXJ0V3/gfAtwlNCHqA6TVGn8ohn9ZRzCj3UEYStDnlHOA9Fk62+XeHg==",
      "requires": {
        "axios": "^0.21.1"
      }
    },
    "editorjs-style": {
      "version": "3.0.2",
      "resolved": "https://registry.npmjs.org/editorjs-style/-/editorjs-style-3.0.2.tgz",
      "integrity": "sha512-xu7vwD2UBYCyhlJOElkWfDfhnvr91PniP+CGZ/aEP7fj+w36E/FY3T+3VPJTcrGsni1UBvUNl7l0fDVLui5sxw=="
    },
    "editorjs-text-alignment-blocktune": {
      "version": "1.0.2",
      "resolved": "https://registry.npmjs.org/editorjs-text-alignment-blocktune/-/editorjs-text-alignment-blocktune-1.0.2.tgz",
      "integrity": "sha512-v963MQoGuiTKu/3nAQTLmJT6m6v4UgaruhOYOKw1+AP2I0p3dkIZDY3p7P0111/l2xEYX1pE9p6l7Lm3PvlEWQ=="
    },
    "editorjs-undo": {
      "version": "0.1.6",
      "resolved": "https://registry.npmjs.org/editorjs-undo/-/editorjs-undo-0.1.6.tgz",
      "integrity": "sha512-zVHPnBf2mcI8hWT9Eu8H3bGDEcMj4gppXbQjJW11Aa8Kdy2SVBGhM6fS59OUlBsm8iHWLxuoG2NUIfy9Rd30sw=="
    },
    "follow-redirects": {
      "version": "1.14.1",
      "resolved": "https://registry.npmjs.org/follow-redirects/-/follow-redirects-1.14.1.tgz",
      "integrity": "sha512-HWqDgT7ZEkqRzBvc2s64vSZ/hfOceEol3ac/7tKwzuvEyWx3/4UegXh5oBOIotkGsObyk3xznnSRVADBgWSQVg=="
    },
    "nanoid": {
      "version": "3.1.23",
      "resolved": "https://registry.npmjs.org/nanoid/-/nanoid-3.1.23.tgz",
      "integrity": "sha512-FiB0kzdP0FFVGDKlRLEQ1BgDzU87dy5NnzjeW9YZNt+/c3+q82EQDUwniSAUxp/F0gFNI1ZhKU1FqYsMuqZVnw=="
    },
    "object-assign": {
      "version": "4.1.1",
      "resolved": "https://registry.npmjs.org/object-assign/-/object-assign-4.1.1.tgz",
      "integrity": "sha1-IQmtx5ZYh8/AXLvUQsrIv7s2CGM="
    },
    "vary": {
      "version": "1.1.2",
      "resolved": "https://registry.npmjs.org/vary/-/vary-1.1.2.tgz",
      "integrity": "sha1-IpnwLG3tMNSllhsLn3RSShj2NPw="
    }
  }
}
